// !$*UTF8*$!
{
	archiveVersion = 1;
	classes = {
	};
	objectVersion = 46;
	objects = {

/* Begin PBXBuildFile section */
		A54E1DD51CBDC3BE0051D6C5 /* AppDelegate.swift in Sources */ = {isa = PBXBuildFile; fileRef = A54E1DD41CBDC3BE0051D6C5 /* AppDelegate.swift */; };
		A54E1DD71CBDC3BE0051D6C5 /* RockyViewController.swift in Sources */ = {isa = PBXBuildFile; fileRef = A54E1DD61CBDC3BE0051D6C5 /* RockyViewController.swift */; };
		A54E1DDA1CBDC3BE0051D6C5 /* Main.storyboard in Resources */ = {isa = PBXBuildFile; fileRef = A54E1DD81CBDC3BE0051D6C5 /* Main.storyboard */; };
		A54E1DDC1CBDC3BE0051D6C5 /* Assets.xcassets in Resources */ = {isa = PBXBuildFile; fileRef = A54E1DDB1CBDC3BE0051D6C5 /* Assets.xcassets */; };
		A54E1DDF1CBDC3BE0051D6C5 /* LaunchScreen.storyboard in Resources */ = {isa = PBXBuildFile; fileRef = A54E1DDD1CBDC3BE0051D6C5 /* LaunchScreen.storyboard */; };
		A54E1DE71CBDCE850051D6C5 /* DragImg.swift in Sources */ = {isa = PBXBuildFile; fileRef = A54E1DE61CBDCE850051D6C5 /* DragImg.swift */; };
		A54E1DE91CBDD0F00051D6C5 /* MonsterImg.swift in Sources */ = {isa = PBXBuildFile; fileRef = A54E1DE81CBDD0F00051D6C5 /* MonsterImg.swift */; };
		A54E1DEF1CBDDC9D0051D6C5 /* sfxRockyBite.wav in Resources */ = {isa = PBXBuildFile; fileRef = A54E1DEA1CBDDC9D0051D6C5 /* sfxRockyBite.wav */; };
		A54E1DF01CBDDC9D0051D6C5 /* cave-music.mp3 in Resources */ = {isa = PBXBuildFile; fileRef = A54E1DEB1CBDDC9D0051D6C5 /* cave-music.mp3 */; };
		A54E1DF11CBDDC9D0051D6C5 /* sfxRockyDeath.wav in Resources */ = {isa = PBXBuildFile; fileRef = A54E1DEC1CBDDC9D0051D6C5 /* sfxRockyDeath.wav */; };
		A54E1DF21CBDDC9D0051D6C5 /* sfxRockyHeart.wav in Resources */ = {isa = PBXBuildFile; fileRef = A54E1DED1CBDDC9D0051D6C5 /* sfxRockyHeart.wav */; };
		A54E1DF31CBDDC9D0051D6C5 /* sfxSkull.wav in Resources */ = {isa = PBXBuildFile; fileRef = A54E1DEE1CBDDC9D0051D6C5 /* sfxSkull.wav */; };
		A5E285F81CC1B3C300CED4BA /* sfxRockySnore.wav in Resources */ = {isa = PBXBuildFile; fileRef = A5E285F71CC1B3C300CED4BA /* sfxRockySnore.wav */; };
		A5E285FC1CC1B96F00CED4BA /* RattyViewController.swift in Sources */ = {isa = PBXBuildFile; fileRef = A5E285FB1CC1B96F00CED4BA /* RattyViewController.swift */; };
		A5E285FE1CC1B9A300CED4BA /* MasterVC.swift in Sources */ = {isa = PBXBuildFile; fileRef = A5E285FD1CC1B9A300CED4BA /* MasterVC.swift */; };
		A5E286041CC1DEA400CED4BA /* sfxRattyDeath.wav in Resources */ = {isa = PBXBuildFile; fileRef = A5E286011CC1DEA400CED4BA /* sfxRattyDeath.wav */; };
		A5E286051CC1DEA400CED4BA /* sfxRattyBite.wav in Resources */ = {isa = PBXBuildFile; fileRef = A5E286021CC1DEA400CED4BA /* sfxRattyBite.wav */; };
		A5E286061CC1DEA400CED4BA /* sfxRattyHeart.wav in Resources */ = {isa = PBXBuildFile; fileRef = A5E286031CC1DEA400CED4BA /* sfxRattyHeart.wav */; };
/* End PBXBuildFile section */

/* Begin PBXFileReference section */
		A54E1DD11CBDC3BD0051D6C5 /* 053-MyLittleMonster.app */ = {isa = PBXFileReference; explicitFileType = wrapper.application; includeInIndex = 0; path = "053-MyLittleMonster.app"; sourceTree = BUILT_PRODUCTS_DIR; };
		A54E1DD41CBDC3BE0051D6C5 /* AppDelegate.swift */ = {isa = PBXFileReference; lastKnownFileType = sourcecode.swift; path = AppDelegate.swift; sourceTree = "<group>"; };
		A54E1DD61CBDC3BE0051D6C5 /* RockyViewController.swift */ = {isa = PBXFileReference; lastKnownFileType = sourcecode.swift; path = RockyViewController.swift; sourceTree = "<group>"; };
		A54E1DD91CBDC3BE0051D6C5 /* Base */ = {isa = PBXFileReference; lastKnownFileType = file.storyboard; name = Base; path = Base.lproj/Main.storyboard; sourceTree = "<group>"; };
		A54E1DDB1CBDC3BE0051D6C5 /* Assets.xcassets */ = {isa = PBXFileReference; lastKnownFileType = folder.assetcatalog; path = Assets.xcassets; sourceTree = "<group>"; };
		A54E1DDE1CBDC3BE0051D6C5 /* Base */ = {isa = PBXFileReference; lastKnownFileType = file.storyboard; name = Base; path = Base.lproj/LaunchScreen.storyboard; sourceTree = "<group>"; };
		A54E1DE01CBDC3BE0051D6C5 /* Info.plist */ = {isa = PBXFileReference; lastKnownFileType = text.plist.xml; path = Info.plist; sourceTree = "<group>"; };
		A54E1DE61CBDCE850051D6C5 /* DragImg.swift */ = {isa = PBXFileReference; fileEncoding = 4; lastKnownFileType = sourcecode.swift; path = DragImg.swift; sourceTree = "<group>"; };
		A54E1DE81CBDD0F00051D6C5 /* MonsterImg.swift */ = {isa = PBXFileReference; fileEncoding = 4; lastKnownFileType = sourcecode.swift; path = MonsterImg.swift; sourceTree = "<group>"; };
		A54E1DEA1CBDDC9D0051D6C5 /* sfxRockyBite.wav */ = {isa = PBXFileReference; lastKnownFileType = audio.wav; path = sfxRockyBite.wav; sourceTree = "<group>"; };
		A54E1DEB1CBDDC9D0051D6C5 /* cave-music.mp3 */ = {isa = PBXFileReference; lastKnownFileType = audio.mp3; path = "cave-music.mp3"; sourceTree = "<group>"; };
		A54E1DEC1CBDDC9D0051D6C5 /* sfxRockyDeath.wav */ = {isa = PBXFileReference; lastKnownFileType = audio.wav; path = sfxRockyDeath.wav; sourceTree = "<group>"; };
		A54E1DED1CBDDC9D0051D6C5 /* sfxRockyHeart.wav */ = {isa = PBXFileReference; lastKnownFileType = audio.wav; path = sfxRockyHeart.wav; sourceTree = "<group>"; };
		A54E1DEE1CBDDC9D0051D6C5 /* sfxSkull.wav */ = {isa = PBXFileReference; lastKnownFileType = audio.wav; path = sfxSkull.wav; sourceTree = "<group>"; };
		A5E285F71CC1B3C300CED4BA /* sfxRockySnore.wav */ = {isa = PBXFileReference; lastKnownFileType = audio.wav; path = sfxRockySnore.wav; sourceTree = "<group>"; };
		A5E285FB1CC1B96F00CED4BA /* RattyViewController.swift */ = {isa = PBXFileReference; fileEncoding = 4; lastKnownFileType = sourcecode.swift; name = RattyViewController.swift; path = ../RattyViewController.swift; sourceTree = "<group>"; };
		A5E285FD1CC1B9A300CED4BA /* MasterVC.swift */ = {isa = PBXFileReference; fileEncoding = 4; lastKnownFileType = sourcecode.swift; path = MasterVC.swift; sourceTree = "<group>"; };
		A5E286011CC1DEA400CED4BA /* sfxRattyDeath.wav */ = {isa = PBXFileReference; lastKnownFileType = audio.wav; path = sfxRattyDeath.wav; sourceTree = "<group>"; };
		A5E286021CC1DEA400CED4BA /* sfxRattyBite.wav */ = {isa = PBXFileReference; lastKnownFileType = audio.wav; path = sfxRattyBite.wav; sourceTree = "<group>"; };
		A5E286031CC1DEA400CED4BA /* sfxRattyHeart.wav */ = {isa = PBXFileReference; lastKnownFileType = audio.wav; path = sfxRattyHeart.wav; sourceTree = "<group>"; };
/* End PBXFileReference section */

/* Begin PBXFrameworksBuildPhase section */
		A54E1DCE1CBDC3BD0051D6C5 /* Frameworks */ = {
			isa = PBXFrameworksBuildPhase;
			buildActionMask = 2147483647;
			files = (
			);
			runOnlyForDeploymentPostprocessing = 0;
		};
/* End PBXFrameworksBuildPhase section */

/* Begin PBXGroup section */
		A54E1DC81CBDC3BD0051D6C5 = {
			isa = PBXGroup;
			children = (
				A54E1DD31CBDC3BD0051D6C5 /* 053-MyLittleMonster */,
				A54E1DD21CBDC3BD0051D6C5 /* Products */,
			);
			sourceTree = "<group>";
		};
		A54E1DD21CBDC3BD0051D6C5 /* Products */ = {
			isa = PBXGroup;
			children = (
				A54E1DD11CBDC3BD0051D6C5 /* 053-MyLittleMonster.app */,
			);
			name = Products;
			sourceTree = "<group>";
		};
		A54E1DD31CBDC3BD0051D6C5 /* 053-MyLittleMonster */ = {
			isa = PBXGroup;
			children = (
				A54E1DD41CBDC3BE0051D6C5 /* AppDelegate.swift */,
				A54E1DE81CBDD0F00051D6C5 /* MonsterImg.swift */,
				A5E286071CC1DEAD00CED4BA /* SFX */,
				A5E285FB1CC1B96F00CED4BA /* RattyViewController.swift */,
				A54E1DD61CBDC3BE0051D6C5 /* RockyViewController.swift */,
				A5E285FD1CC1B9A300CED4BA /* MasterVC.swift */,
				A54E1DD81CBDC3BE0051D6C5 /* Main.storyboard */,
				A54E1DDB1CBDC3BE0051D6C5 /* Assets.xcassets */,
				A54E1DDD1CBDC3BE0051D6C5 /* LaunchScreen.storyboard */,
				A54E1DE01CBDC3BE0051D6C5 /* Info.plist */,
				A54E1DE61CBDCE850051D6C5 /* DragImg.swift */,
			);
			path = "053-MyLittleMonster";
			sourceTree = "<group>";
		};
		A5E286071CC1DEAD00CED4BA /* SFX */ = {
			isa = PBXGroup;
			children = (
				A5E285F71CC1B3C300CED4BA /* sfxRockySnore.wav */,
				A54E1DEA1CBDDC9D0051D6C5 /* sfxRockyBite.wav */,
				A5E286011CC1DEA400CED4BA /* sfxRattyDeath.wav */,
				A5E286021CC1DEA400CED4BA /* sfxRattyBite.wav */,
				A5E286031CC1DEA400CED4BA /* sfxRattyHeart.wav */,
				A54E1DEB1CBDDC9D0051D6C5 /* cave-music.mp3 */,
				A54E1DEC1CBDDC9D0051D6C5 /* sfxRockyDeath.wav */,
				A54E1DED1CBDDC9D0051D6C5 /* sfxRockyHeart.wav */,
				A54E1DEE1CBDDC9D0051D6C5 /* sfxSkull.wav */,
			);
			name = SFX;
			sourceTree = "<group>";
		};
/* End PBXGroup section */

/* Begin PBXNativeTarget section */
		A54E1DD01CBDC3BD0051D6C5 /* 053-MyLittleMonster */ = {
			isa = PBXNativeTarget;
			buildConfigurationList = A54E1DE31CBDC3BE0051D6C5 /* Build configuration list for PBXNativeTarget "053-MyLittleMonster" */;
			buildPhases = (
				A54E1DCD1CBDC3BD0051D6C5 /* Sources */,
				A54E1DCE1CBDC3BD0051D6C5 /* Frameworks */,
				A54E1DCF1CBDC3BD0051D6C5 /* Resources */,
			);
			buildRules = (
			);
			dependencies = (
			);
			name = "053-MyLittleMonster";
			productName = "053-MyLittleMonster";
			productReference = A54E1DD11CBDC3BD0051D6C5 /* 053-MyLittleMonster.app */;
			productType = "com.apple.product-type.application";
		};
/* End PBXNativeTarget section */

/* Begin PBXProject section */
		A54E1DC91CBDC3BD0051D6C5 /* Project object */ = {
			isa = PBXProject;
			attributes = {
				LastSwiftUpdateCheck = 0720;
				LastUpgradeCheck = 0720;
				ORGANIZATIONNAME = Skyla157;
				TargetAttributes = {
					A54E1DD01CBDC3BD0051D6C5 = {
						CreatedOnToolsVersion = 7.2.1;
					};
				};
			};
			buildConfigurationList = A54E1DCC1CBDC3BD0051D6C5 /* Build configuration list for PBXProject "053-MyLittleMonster" */;
			compatibilityVersion = "Xcode 3.2";
			developmentRegion = English;
			hasScannedForEncodings = 0;
			knownRegions = (
				en,
				Base,
			);
			mainGroup = A54E1DC81CBDC3BD0051D6C5;
			productRefGroup = A54E1DD21CBDC3BD0051D6C5 /* Products */;
			projectDirPath = "";
			projectRoot = "";
			targets = (
				A54E1DD01CBDC3BD0051D6C5 /* 053-MyLittleMonster */,
			);
		};
/* End PBXProject section */

/* Begin PBXResourcesBuildPhase section */
		A54E1DCF1CBDC3BD0051D6C5 /* Resources */ = {
			isa = PBXResourcesBuildPhase;
			buildActionMask = 2147483647;
			files = (
				A5E286051CC1DEA400CED4BA /* sfxRattyBite.wav in Resources */,
				A5E286041CC1DEA400CED4BA /* sfxRattyDeath.wav in Resources */,
				A54E1DF31CBDDC9D0051D6C5 /* sfxSkull.wav in Resources */,
				A5E286061CC1DEA400CED4BA /* sfxRattyHeart.wav in Resources */,
				A54E1DEF1CBDDC9D0051D6C5 /* sfxRockyBite.wav in Resources */,
				A54E1DF11CBDDC9D0051D6C5 /* sfxRockyDeath.wav in Resources */,
				A54E1DF21CBDDC9D0051D6C5 /* sfxRockyHeart.wav in Resources */,
				A54E1DF01CBDDC9D0051D6C5 /* cave-music.mp3 in Resources */,
				A54E1DDF1CBDC3BE0051D6C5 /* LaunchScreen.storyboard in Resources */,
				A5E285F81CC1B3C300CED4BA /* sfxRockySnore.wav in Resources */,
				A54E1DDC1CBDC3BE0051D6C5 /* Assets.xcassets in Resources */,
				A54E1DDA1CBDC3BE0051D6C5 /* Main.storyboard in Resources */,
			);
			runOnlyForDeploymentPostprocessing = 0;
		};
/* End PBXResourcesBuildPhase section */

/* Begin PBXSourcesBuildPhase section */
		A54E1DCD1CBDC3BD0051D6C5 /* Sources */ = {
			isa = PBXSourcesBuildPhase;
			buildActionMask = 2147483647;
			files = (
				A5E285FE1CC1B9A300CED4BA /* MasterVC.swift in Sources */,
				A54E1DE91CBDD0F00051D6C5 /* MonsterImg.swift in Sources */,
				A54E1DE71CBDCE850051D6C5 /* DragImg.swift in Sources */,
				A54E1DD71CBDC3BE0051D6C5 /* RockyViewController.swift in Sources */,
				A5E285FC1CC1B96F00CED4BA /* RattyViewController.swift in Sources */,
				A54E1DD51CBDC3BE0051D6C5 /* AppDelegate.swift in Sources */,
			);
			runOnlyForDeploymentPostprocessing = 0;
		};
/* End PBXSourcesBuildPhase section */

/* Begin PBXVariantGroup section */
		A54E1DD81CBDC3BE0051D6C5 /* Main.storyboard */ = {
			isa = PBXVariantGroup;
			children = (
				A54E1DD91CBDC3BE0051D6C5 /* Base */,
			);
			name = Main.storyboard;
			sourceTree = "<group>";
		};
		A54E1DDD1CBDC3BE0051D6C5 /* LaunchScreen.storyboard */ = {
			isa = PBXVariantGroup;
			children = (
				A54E1DDE1CBDC3BE0051D6C5 /* Base */,
			);
			name = LaunchScreen.storyboard;
			sourceTree = "<group>";
		};
/* End PBXVariantGroup section */

/* Begin XCBuildConfiguration section */
		A54E1DE11CBDC3BE0051D6C5 /* Debug */ = {
			isa = XCBuildConfiguration;
			buildSettings = {
				ALWAYS_SEARCH_USER_PATHS = NO;
				CLANG_CXX_LANGUAGE_STANDARD = "gnu++0x";
				CLANG_CXX_LIBRARY = "libc++";
				CLANG_ENABLE_MODULES = YES;
				CLANG_ENABLE_OBJC_ARC = YES;
				CLANG_WARN_BOOL_CONVERSION = YES;
				CLANG_WARN_CONSTANT_CONVERSION = YES;
				CLANG_WARN_DIRECT_OBJC_ISA_USAGE = YES_ERROR;
				CLANG_WARN_EMPTY_BODY = YES;
				CLANG_WARN_ENUM_CONVERSION = YES;
				CLANG_WARN_INT_CONVERSION = YES;
				CLANG_WARN_OBJC_ROOT_CLASS = YES_ERROR;
				CLANG_WARN_UNREACHABLE_CODE = YES;
				CLANG_WARN__DUPLICATE_METHOD_MATCH = YES;
				"CODE_SIGN_IDENTITY[sdk=iphoneos*]" = "iPhone Developer";
				COPY_PHASE_STRIP = NO;
				DEBUG_INFORMATION_FORMAT = dwarf;
				ENABLE_STRICT_OBJC_MSGSEND = YES;
				ENABLE_TESTABILITY = YES;
				GCC_C_LANGUAGE_STANDARD = gnu99;
				GCC_DYNAMIC_NO_PIC = NO;
				GCC_NO_COMMON_BLOCKS = YES;
				GCC_OPTIMIZATION_LEVEL = 0;
				GCC_PREPROCESSOR_DEFINITIONS = (
					"DEBUG=1",
					"$(inherited)",
				);
				GCC_WARN_64_TO_32_BIT_CONVERSION = YES;
				GCC_WARN_ABOUT_RETURN_TYPE = YES_ERROR;
				GCC_WARN_UNDECLARED_SELECTOR = YES;
				GCC_WARN_UNINITIALIZED_AUTOS = YES_AGGRESSIVE;
				GCC_WARN_UNUSED_FUNCTION = YES;
				GCC_WARN_UNUSED_VARIABLE = YES;
				IPHONEOS_DEPLOYMENT_TARGET = 9.2;
				MTL_ENABLE_DEBUG_INFO = YES;
				ONLY_ACTIVE_ARCH = YES;
				SDKROOT = iphoneos;
				SWIFT_OPTIMIZATION_LEVEL = "-Onone";
			};
			name = Debug;
		};
		A54E1DE21CBDC3BE0051D6C5 /* Release */ = {
			isa = XCBuildConfiguration;
			buildSettings = {
				ALWAYS_SEARCH_USER_PATHS = NO;
				CLANG_CXX_LANGUAGE_STANDARD = "gnu++0x";
				CLANG_CXX_LIBRARY = "libc++";
				CLANG_ENABLE_MODULES = YES;
				CLANG_ENABLE_OBJC_ARC = YES;
				CLANG_WARN_BOOL_CONVERSION = YES;
				CLANG_WARN_CONSTANT_CONVERSION = YES;
				CLANG_WARN_DIRECT_OBJC_ISA_USAGE = YES_ERROR;
				CLANG_WARN_EMPTY_BODY = YES;
				CLANG_WARN_ENUM_CONVERSION = YES;
				CLANG_WARN_INT_CONVERSION = YES;
				CLANG_WARN_OBJC_ROOT_CLASS = YES_ERROR;
				CLANG_WARN_UNREACHABLE_CODE = YES;
				CLANG_WARN__DUPLICATE_METHOD_MATCH = YES;
				"CODE_SIGN_IDENTITY[sdk=iphoneos*]" = "iPhone Developer";
				COPY_PHASE_STRIP = NO;
				DEBUG_INFORMATION_FORMAT = "dwarf-with-dsym";
				ENABLE_NS_ASSERTIONS = NO;
				ENABLE_STRICT_OBJC_MSGSEND = YES;
				GCC_C_LANGUAGE_STANDARD = gnu99;
				GCC_NO_COMMON_BLOCKS = YES;
				GCC_WARN_64_TO_32_BIT_CONVERSION = YES;
				GCC_WARN_ABOUT_RETURN_TYPE = YES_ERROR;
				GCC_WARN_UNDECLARED_SELECTOR = YES;
				GCC_WARN_UNINITIALIZED_AUTOS = YES_AGGRESSIVE;
				GCC_WARN_UNUSED_FUNCTION = YES;
				GCC_WARN_UNUSED_VARIABLE = YES;
				IPHONEOS_DEPLOYMENT_TARGET = 9.2;
				MTL_ENABLE_DEBUG_INFO = NO;
				SDKROOT = iphoneos;
				VALIDATE_PRODUCT = YES;
			};
			name = Release;
		};
		A54E1DE41CBDC3BE0051D6C5 /* Debug */ = {
			isa = XCBuildConfiguration;
			buildSettings = {
				ASSETCATALOG_COMPILER_APPICON_NAME = AppIcon;
				INFOPLIST_FILE = "053-MyLittleMonster/Info.plist";
				LD_RUNPATH_SEARCH_PATHS = "$(inherited) @executable_path/Frameworks";
				PRODUCT_BUNDLE_IDENTIFIER = "com.skyla157.-53-MyLittleMonster";
				PRODUCT_NAME = "$(TARGET_NAME)";
				TARGETED_DEVICE_FAMILY = "1,2";
			};
			name = Debug;
		};
		A54E1DE51CBDC3BE0051D6C5 /* Release */ = {
			isa = XCBuildConfiguration;
			buildSettings = {
				ASSETCATALOG_COMPILER_APPICON_NAME = AppIcon;
				INFOPLIST_FILE = "053-MyLittleMonster/Info.plist";
				LD_RUNPATH_SEARCH_PATHS = "$(inherited) @executable_path/Frameworks";
				PRODUCT_BUNDLE_IDENTIFIER = "com.skyla157.-53-MyLittleMonster";
				PRODUCT_NAME = "$(TARGET_NAME)";
				TARGETED_DEVICE_FAMILY = "1,2";
			};
			name = Release;
		};
/* End XCBuildConfiguration section */

/* Begin XCConfigurationList section */
		A54E1DCC1CBDC3BD0051D6C5 /* Build configuration list for PBXProject "053-MyLittleMonster" */ = {
			isa = XCConfigurationList;
			buildConfigurations = (
				A54E1DE11CBDC3BE0051D6C5 /* Debug */,
				A54E1DE21CBDC3BE0051D6C5 /* Release */,
			);
			defaultConfigurationIsVisible = 0;
			defaultConfigurationName = Release;
		};
		A54E1DE31CBDC3BE0051D6C5 /* Build configuration list for PBXNativeTarget "053-MyLittleMonster" */ = {
			isa = XCConfigurationList;
			buildConfigurations = (
				A54E1DE41CBDC3BE0051D6C5 /* Debug */,
				A54E1DE51CBDC3BE0051D6C5 /* Release */,
			);
			defaultConfigurationIsVisible = 0;
			defaultConfigurationName = Release;
		};
/* End XCConfigurationList section */
	};
	rootObject = A54E1DC91CBDC3BD0051D6C5 /* Project object */;
}
